// !$*UTF8*$!
{
	archiveVersion = 1;
	classes = {
	};
	objectVersion = 46;
	objects = {

/* Begin PBXBuildFile section */
		602FA3331EBBDEAD00E9A99F /* Model.m in Sources */ = {isa = PBXBuildFile; fileRef = 602FA3321EBBDEAD00E9A99F /* Model.m */; };
		604E0BE31EBC307100F300C9 /* Album.m in Sources */ = {isa = PBXBuildFile; fileRef = 604E0BE11EBC307100F300C9 /* Album.m */; };
		604E0BE41EBC307100F300C9 /* Event.m in Sources */ = {isa = PBXBuildFile; fileRef = 604E0BE21EBC307100F300C9 /* Event.m */; };
		8C110D161EBBDA5700B567C1 /* main.m in Sources */ = {isa = PBXBuildFile; fileRef = 8C110D151EBBDA5700B567C1 /* main.m */; };
		8C110D191EBBDA5700B567C1 /* AppDelegate.m in Sources */ = {isa = PBXBuildFile; fileRef = 8C110D181EBBDA5700B567C1 /* AppDelegate.m */; };
		8C110D1C1EBBDA5700B567C1 /* ViewController.m in Sources */ = {isa = PBXBuildFile; fileRef = 8C110D1B1EBBDA5700B567C1 /* ViewController.m */; };
		8C110D1F1EBBDA5700B567C1 /* Main.storyboard in Resources */ = {isa = PBXBuildFile; fileRef = 8C110D1D1EBBDA5700B567C1 /* Main.storyboard */; };
		8C110D211EBBDA5700B567C1 /* Assets.xcassets in Resources */ = {isa = PBXBuildFile; fileRef = 8C110D201EBBDA5700B567C1 /* Assets.xcassets */; };
		8C110D241EBBDA5700B567C1 /* LaunchScreen.storyboard in Resources */ = {isa = PBXBuildFile; fileRef = 8C110D221EBBDA5700B567C1 /* LaunchScreen.storyboard */; };
/* End PBXBuildFile section */

/* Begin PBXFileReference section */
		602FA3311EBBDEAD00E9A99F /* Model.h */ = {isa = PBXFileReference; fileEncoding = 4; lastKnownFileType = sourcecode.c.h; path = Model.h; sourceTree = "<group>"; };
		602FA3321EBBDEAD00E9A99F /* Model.m */ = {isa = PBXFileReference; fileEncoding = 4; lastKnownFileType = sourcecode.c.objc; path = Model.m; sourceTree = "<group>"; };
		604E0BDD1EBC2AA900F300C9 /* Album.h */ = {isa = PBXFileReference; lastKnownFileType = sourcecode.c.h; path = Album.h; sourceTree = "<group>"; };
		604E0BDE1EBC2BA300F300C9 /* Event.h */ = {isa = PBXFileReference; fileEncoding = 4; lastKnownFileType = sourcecode.c.h; path = Event.h; sourceTree = "<group>"; };
		604E0BE11EBC307100F300C9 /* Album.m */ = {isa = PBXFileReference; fileEncoding = 4; lastKnownFileType = sourcecode.c.objc; path = Album.m; sourceTree = "<group>"; };
		604E0BE21EBC307100F300C9 /* Event.m */ = {isa = PBXFileReference; fileEncoding = 4; lastKnownFileType = sourcecode.c.objc; path = Event.m; sourceTree = "<group>"; };
		8C110D111EBBDA5700B567C1 /* Encore.app */ = {isa = PBXFileReference; explicitFileType = wrapper.application; includeInIndex = 0; path = Encore.app; sourceTree = BUILT_PRODUCTS_DIR; };
		8C110D151EBBDA5700B567C1 /* main.m */ = {isa = PBXFileReference; lastKnownFileType = sourcecode.c.objc; path = main.m; sourceTree = "<group>"; };
		8C110D171EBBDA5700B567C1 /* AppDelegate.h */ = {isa = PBXFileReference; lastKnownFileType = sourcecode.c.h; path = AppDelegate.h; sourceTree = "<group>"; };
		8C110D181EBBDA5700B567C1 /* AppDelegate.m */ = {isa = PBXFileReference; lastKnownFileType = sourcecode.c.objc; path = AppDelegate.m; sourceTree = "<group>"; };
		8C110D1A1EBBDA5700B567C1 /* ViewController.h */ = {isa = PBXFileReference; lastKnownFileType = sourcecode.c.h; path = ViewController.h; sourceTree = "<group>"; };
		8C110D1B1EBBDA5700B567C1 /* ViewController.m */ = {isa = PBXFileReference; lastKnownFileType = sourcecode.c.objc; path = ViewController.m; sourceTree = "<group>"; };
		8C110D1E1EBBDA5700B567C1 /* Base */ = {isa = PBXFileReference; lastKnownFileType = file.storyboard; name = Base; path = Base.lproj/Main.storyboard; sourceTree = "<group>"; };
		8C110D201EBBDA5700B567C1 /* Assets.xcassets */ = {isa = PBXFileReference; lastKnownFileType = folder.assetcatalog; path = Assets.xcassets; sourceTree = "<group>"; };
		8C110D231EBBDA5700B567C1 /* Base */ = {isa = PBXFileReference; lastKnownFileType = file.storyboard; name = Base; path = Base.lproj/LaunchScreen.storyboard; sourceTree = "<group>"; };
		8C110D251EBBDA5700B567C1 /* Info.plist */ = {isa = PBXFileReference; lastKnownFileType = text.plist.xml; path = Info.plist; sourceTree = "<group>"; };
/* End PBXFileReference section */

/* Begin PBXFrameworksBuildPhase section */
		8C110D0E1EBBDA5700B567C1 /* Frameworks */ = {
			isa = PBXFrameworksBuildPhase;
			buildActionMask = 2147483647;
			files = (
			);
			runOnlyForDeploymentPostprocessing = 0;
		};
/* End PBXFrameworksBuildPhase section */

/* Begin PBXGroup section */
		8C110D081EBBDA5700B567C1 = {
			isa = PBXGroup;
			children = (
				8C110D131EBBDA5700B567C1 /* Encore */,
				8C110D121EBBDA5700B567C1 /* Products */,
			);
			sourceTree = "<group>";
		};
		8C110D121EBBDA5700B567C1 /* Products */ = {
			isa = PBXGroup;
			children = (
				8C110D111EBBDA5700B567C1 /* Encore.app */,
			);
			name = Products;
			sourceTree = "<group>";
		};
		8C110D131EBBDA5700B567C1 /* Encore */ = {
			isa = PBXGroup;
			children = (
				604E0BDD1EBC2AA900F300C9 /* Album.h */,
				604E0BE11EBC307100F300C9 /* Album.m */,
				8C110D171EBBDA5700B567C1 /* AppDelegate.h */,
				8C110D181EBBDA5700B567C1 /* AppDelegate.m */,
				8C110D201EBBDA5700B567C1 /* Assets.xcassets */,
				604E0BDE1EBC2BA300F300C9 /* Event.h */,
				604E0BE21EBC307100F300C9 /* Event.m */,
				8C110D251EBBDA5700B567C1 /* Info.plist */,
				8C110D221EBBDA5700B567C1 /* LaunchScreen.storyboard */,
				8C110D1D1EBBDA5700B567C1 /* Main.storyboard */,
				602FA3311EBBDEAD00E9A99F /* Model.h */,
				602FA3321EBBDEAD00E9A99F /* Model.m */,
				8C110D141EBBDA5700B567C1 /* Supporting Files */,
				8C110D1A1EBBDA5700B567C1 /* ViewController.h */,
				8C110D1B1EBBDA5700B567C1 /* ViewController.m */,
			);
			path = Encore;
			sourceTree = "<group>";
		};
		8C110D141EBBDA5700B567C1 /* Supporting Files */ = {
			isa = PBXGroup;
			children = (
				8C110D151EBBDA5700B567C1 /* main.m */,
			);
			name = "Supporting Files";
			sourceTree = "<group>";
		};
/* End PBXGroup section */

/* Begin PBXNativeTarget section */
		8C110D101EBBDA5700B567C1 /* Encore */ = {
			isa = PBXNativeTarget;
			buildConfigurationList = 8C110D281EBBDA5700B567C1 /* Build configuration list for PBXNativeTarget "Encore" */;
			buildPhases = (
				8C110D0D1EBBDA5700B567C1 /* Sources */,
				8C110D0E1EBBDA5700B567C1 /* Frameworks */,
				8C110D0F1EBBDA5700B567C1 /* Resources */,
			);
			buildRules = (
			);
			dependencies = (
			);
			name = Encore;
			productName = Encore;
			productReference = 8C110D111EBBDA5700B567C1 /* Encore.app */;
			productType = "com.apple.product-type.application";
		};
/* End PBXNativeTarget section */

/* Begin PBXProject section */
		8C110D091EBBDA5700B567C1 /* Project object */ = {
			isa = PBXProject;
			attributes = {
				LastUpgradeCheck = 0830;
				ORGANIZATIONNAME = "Miguel Tepale";
				TargetAttributes = {
					8C110D101EBBDA5700B567C1 = {
						CreatedOnToolsVersion = 8.3.1;
						DevelopmentTeam = 5C8D6R84CB;
						ProvisioningStyle = Automatic;
					};
				};
			};
			buildConfigurationList = 8C110D0C1EBBDA5700B567C1 /* Build configuration list for PBXProject "Encore" */;
			compatibilityVersion = "Xcode 3.2";
			developmentRegion = English;
			hasScannedForEncodings = 0;
			knownRegions = (
				en,
				Base,
			);
			mainGroup = 8C110D081EBBDA5700B567C1;
			productRefGroup = 8C110D121EBBDA5700B567C1 /* Products */;
			projectDirPath = "";
			projectRoot = "";
			targets = (
				8C110D101EBBDA5700B567C1 /* Encore */,
			);
		};
/* End PBXProject section */

/* Begin PBXResourcesBuildPhase section */
		8C110D0F1EBBDA5700B567C1 /* Resources */ = {
			isa = PBXResourcesBuildPhase;
			buildActionMask = 2147483647;
			files = (
				8C110D241EBBDA5700B567C1 /* LaunchScreen.storyboard in Resources */,
				8C110D211EBBDA5700B567C1 /* Assets.xcassets in Resources */,
				8C110D1F1EBBDA5700B567C1 /* Main.storyboard in Resources */,
			);
			runOnlyForDeploymentPostprocessing = 0;
		};
/* End PBXResourcesBuildPhase section */

/* Begin PBXSourcesBuildPhase section */
		8C110D0D1EBBDA5700B567C1 /* Sources */ = {
			isa = PBXSourcesBuildPhase;
			buildActionMask = 2147483647;
			files = (
				604E0BE41EBC307100F300C9 /* Event.m in Sources */,
				8C110D1C1EBBDA5700B567C1 /* ViewController.m in Sources */,
				8C110D191EBBDA5700B567C1 /* AppDelegate.m in Sources */,
				8C110D161EBBDA5700B567C1 /* main.m in Sources */,
				604E0BE31EBC307100F300C9 /* Album.m in Sources */,
				602FA3331EBBDEAD00E9A99F /* Model.m in Sources */,
			);
			runOnlyForDeploymentPostprocessing = 0;
		};
/* End PBXSourcesBuildPhase section */

/* Begin PBXVariantGroup section */
		8C110D1D1EBBDA5700B567C1 /* Main.storyboard */ = {
			isa = PBXVariantGroup;
			children = (
				8C110D1E1EBBDA5700B567C1 /* Base */,
			);
			name = Main.storyboard;
			sourceTree = "<group>";
		};
		8C110D221EBBDA5700B567C1 /* LaunchScreen.storyboard */ = {
			isa = PBXVariantGroup;
			children = (
				8C110D231EBBDA5700B567C1 /* Base */,
			);
			name = LaunchScreen.storyboard;
			sourceTree = "<group>";
		};
/* End PBXVariantGroup section */

/* Begin XCBuildConfiguration section */
		8C110D261EBBDA5700B567C1 /* Debug */ = {
			isa = XCBuildConfiguration;
			buildSettings = {
				ALWAYS_SEARCH_USER_PATHS = NO;
				CLANG_ANALYZER_NONNULL = YES;
				CLANG_ANALYZER_NUMBER_OBJECT_CONVERSION = YES_AGGRESSIVE;
				CLANG_CXX_LANGUAGE_STANDARD = "gnu++0x";
				CLANG_CXX_LIBRARY = "libc++";
				CLANG_ENABLE_MODULES = YES;
				CLANG_ENABLE_OBJC_ARC = YES;
				CLANG_WARN_BOOL_CONVERSION = YES;
				CLANG_WARN_CONSTANT_CONVERSION = YES;
				CLANG_WARN_DIRECT_OBJC_ISA_USAGE = YES_ERROR;
				CLANG_WARN_DOCUMENTATION_COMMENTS = YES;
				CLANG_WARN_EMPTY_BODY = YES;
				CLANG_WARN_ENUM_CONVERSION = YES;
				CLANG_WARN_INFINITE_RECURSION = YES;
				CLANG_WARN_INT_CONVERSION = YES;
				CLANG_WARN_OBJC_ROOT_CLASS = YES_ERROR;
				CLANG_WARN_SUSPICIOUS_MOVE = YES;
				CLANG_WARN_UNREACHABLE_CODE = YES;
				CLANG_WARN__DUPLICATE_METHOD_MATCH = YES;
				"CODE_SIGN_IDENTITY[sdk=iphoneos*]" = "iPhone Developer";
				COPY_PHASE_STRIP = NO;
				DEBUG_INFORMATION_FORMAT = dwarf;
				ENABLE_STRICT_OBJC_MSGSEND = YES;
				ENABLE_TESTABILITY = YES;
				GCC_C_LANGUAGE_STANDARD = gnu99;
				GCC_DYNAMIC_NO_PIC = NO;
				GCC_NO_COMMON_BLOCKS = YES;
				GCC_OPTIMIZATION_LEVEL = 0;
				GCC_PREPROCESSOR_DEFINITIONS = (
					"DEBUG=1",
					"$(inherited)",
				);
				GCC_WARN_64_TO_32_BIT_CONVERSION = YES;
				GCC_WARN_ABOUT_RETURN_TYPE = YES_ERROR;
				GCC_WARN_UNDECLARED_SELECTOR = YES;
				GCC_WARN_UNINITIALIZED_AUTOS = YES_AGGRESSIVE;
				GCC_WARN_UNUSED_FUNCTION = YES;
				GCC_WARN_UNUSED_VARIABLE = YES;
				IPHONEOS_DEPLOYMENT_TARGET = 10.3;
				MTL_ENABLE_DEBUG_INFO = YES;
				ONLY_ACTIVE_ARCH = YES;
				SDKROOT = iphoneos;
			};
			name = Debug;
		};
		8C110D271EBBDA5700B567C1 /* Release */ = {
			isa = XCBuildConfiguration;
			buildSettings = {
				ALWAYS_SEARCH_USER_PATHS = NO;
				CLANG_ANALYZER_NONNULL = YES;
				CLANG_ANALYZER_NUMBER_OBJECT_CONVERSION = YES_AGGRESSIVE;
				CLANG_CXX_LANGUAGE_STANDARD = "gnu++0x";
				CLANG_CXX_LIBRARY = "libc++";
				CLANG_ENABLE_MODULES = YES;
				CLANG_ENABLE_OBJC_ARC = YES;
				CLANG_WARN_BOOL_CONVERSION = YES;
				CLANG_WARN_CONSTANT_CONVERSION = YES;
				CLANG_WARN_DIRECT_OBJC_ISA_USAGE = YES_ERROR;
				CLANG_WARN_DOCUMENTATION_COMMENTS = YES;
				CLANG_WARN_EMPTY_BODY = YES;
				CLANG_WARN_ENUM_CONVERSION = YES;
				CLANG_WARN_INFINITE_RECURSION = YES;
				CLANG_WARN_INT_CONVERSION = YES;
				CLANG_WARN_OBJC_ROOT_CLASS = YES_ERROR;
				CLANG_WARN_SUSPICIOUS_MOVE = YES;
				CLANG_WARN_UNREACHABLE_CODE = YES;
				CLANG_WARN__DUPLICATE_METHOD_MATCH = YES;
				"CODE_SIGN_IDENTITY[sdk=iphoneos*]" = "iPhone Developer";
				COPY_PHASE_STRIP = NO;
				DEBUG_INFORMATION_FORMAT = "dwarf-with-dsym";
				ENABLE_NS_ASSERTIONS = NO;
				ENABLE_STRICT_OBJC_MSGSEND = YES;
				GCC_C_LANGUAGE_STANDARD = gnu99;
				GCC_NO_COMMON_BLOCKS = YES;
				GCC_WARN_64_TO_32_BIT_CONVERSION = YES;
				GCC_WARN_ABOUT_RETURN_TYPE = YES_ERROR;
				GCC_WARN_UNDECLARED_SELECTOR = YES;
				GCC_WARN_UNINITIALIZED_AUTOS = YES_AGGRESSIVE;
				GCC_WARN_UNUSED_FUNCTION = YES;
				GCC_WARN_UNUSED_VARIABLE = YES;
				IPHONEOS_DEPLOYMENT_TARGET = 10.3;
				MTL_ENABLE_DEBUG_INFO = NO;
				SDKROOT = iphoneos;
				VALIDATE_PRODUCT = YES;
			};
			name = Release;
		};
		8C110D291EBBDA5700B567C1 /* Debug */ = {
			isa = XCBuildConfiguration;
			buildSettings = {
				ASSETCATALOG_COMPILER_APPICON_NAME = AppIcon;
				DEVELOPMENT_TEAM = 5C8D6R84CB;
				INFOPLIST_FILE = Encore/Info.plist;
				LD_RUNPATH_SEARCH_PATHS = "$(inherited) @executable_path/Frameworks";
				PRODUCT_BUNDLE_IDENTIFIER = "Miguel-Tepale.Encore";
				PRODUCT_NAME = "$(TARGET_NAME)";
			};
			name = Debug;
		};
		8C110D2A1EBBDA5700B567C1 /* Release */ = {
			isa = XCBuildConfiguration;
			buildSettings = {
				ASSETCATALOG_COMPILER_APPICON_NAME = AppIcon;
				DEVELOPMENT_TEAM = 5C8D6R84CB;
				INFOPLIST_FILE = Encore/Info.plist;
				LD_RUNPATH_SEARCH_PATHS = "$(inherited) @executable_path/Frameworks";
				PRODUCT_BUNDLE_IDENTIFIER = "Miguel-Tepale.Encore";
				PRODUCT_NAME = "$(TARGET_NAME)";
			};
			name = Release;
		};
/* End XCBuildConfiguration section */

/* Begin XCConfigurationList section */
		8C110D0C1EBBDA5700B567C1 /* Build configuration list for PBXProject "Encore" */ = {
			isa = XCConfigurationList;
			buildConfigurations = (
				8C110D261EBBDA5700B567C1 /* Debug */,
				8C110D271EBBDA5700B567C1 /* Release */,
			);
			defaultConfigurationIsVisible = 0;
			defaultConfigurationName = Release;
		};
		8C110D281EBBDA5700B567C1 /* Build configuration list for PBXNativeTarget "Encore" */ = {
			isa = XCConfigurationList;
			buildConfigurations = (
				8C110D291EBBDA5700B567C1 /* Debug */,
				8C110D2A1EBBDA5700B567C1 /* Release */,
			);
			defaultConfigurationIsVisible = 0;
			defaultConfigurationName = Release;
		};
/* End XCConfigurationList section */
	};
	rootObject = 8C110D091EBBDA5700B567C1 /* Project object */;
}
